
Microsoft Visual Studio Solution File, Format Version 12.00
# Visual Studio 15
VisualStudioVersion = 15.0.28307.852
MinimumVisualStudioVersion = 10.0.40219.1
Project("{9A19103F-16F7-4668-BE54-9A1E7A4F7556}") = "Vehicle.Api", "Vehicle.Api\Vehicle.Api.csproj", "{FD194ADE-562C-423C-8195-E5C3CAF19DC1}"
EndProject
Global
	GlobalSection(SolutionConfigurationPlatforms) = preSolution
		Debug|Any CPU = Debug|Any CPU
		Release|Any CPU = Release|Any CPU
	EndGlobalSection
	GlobalSection(ProjectConfigurationPlatforms) = postSolution
		{FD194ADE-562C-423C-8195-E5C3CAF19DC1}.Debug|Any CPU.ActiveCfg = Debug|Any CPU
		{FD194ADE-562C-423C-8195-E5C3CAF19DC1}.Debug|Any CPU.Build.0 = Debug|Any CPU
		{FD194ADE-562C-423C-8195-E5C3CAF19DC1}.Release|Any CPU.ActiveCfg = Release|Any CPU
		{FD194ADE-562C-423C-8195-E5C3CAF19DC1}.Release|Any CPU.Build.0 = Release|Any CPU
	EndGlobalSection
	GlobalSection(SolutionProperties) = preSolution
		HideSolutionNode = FALSE
	EndGlobalSection
	GlobalSection(ExtensibilityGlobals) = postSolution
		SolutionGuid = {DB93A4F3-8229-4031-86C2-C040D6C4AFAE}
	EndGlobalSection
EndGlobal
